
Microsoft Visual Studio Solution File, Format Version 12.00
# Visual Studio Version 17
VisualStudioVersion = 17.6.33723.286
MinimumVisualStudioVersion = 10.0.40219.1
Project("{FAE04EC0-301F-11D3-BF4B-00C04F79EFBC}") = "FunctionApp - Database", "FunctionApp - Database.csproj", "{23A8911F-7791-47F9-8323-6CF091683DE5}"
EndProject
Global
	GlobalSection(SolutionConfigurationPlatforms) = preSolution
		Debug|Any CPU = Debug|Any CPU
		Release|Any CPU = Release|Any CPU
	EndGlobalSection
	GlobalSection(ProjectConfigurationPlatforms) = postSolution
		{23A8911F-7791-47F9-8323-6CF091683DE5}.Debug|Any CPU.ActiveCfg = Debug|Any CPU
		{23A8911F-7791-47F9-8323-6CF091683DE5}.Debug|Any CPU.Build.0 = Debug|Any CPU
		{23A8911F-7791-47F9-8323-6CF091683DE5}.Release|Any CPU.ActiveCfg = Release|Any CPU
		{23A8911F-7791-47F9-8323-6CF091683DE5}.Release|Any CPU.Build.0 = Release|Any CPU
	EndGlobalSection
	GlobalSection(SolutionProperties) = preSolution
		HideSolutionNode = FALSE
	EndGlobalSection
	GlobalSection(ExtensibilityGlobals) = postSolution
		SolutionGuid = {83E1E866-52BA-43B6-9E3C-2C022097B47B}
	EndGlobalSection
EndGlobal
